// !$*UTF8*$!
{
	archiveVersion = 1;
	classes = {
	};
	objectVersion = 55;
	objects = {

/* Begin PBXBuildFile section */
		9404685427CAB8DF009DF128 /* ApiCaller.swift in Sources */ = {isa = PBXBuildFile; fileRef = 9404685327CAB8DF009DF128 /* ApiCaller.swift */; };
		9404685627CABC1C009DF128 /* Movie.swift in Sources */ = {isa = PBXBuildFile; fileRef = 9404685527CABC1C009DF128 /* Movie.swift */; };
		94E4019F27C943FB009F06D7 /* AppDelegate.swift in Sources */ = {isa = PBXBuildFile; fileRef = 94E4019E27C943FB009F06D7 /* AppDelegate.swift */; };
		94E401A127C943FB009F06D7 /* SceneDelegate.swift in Sources */ = {isa = PBXBuildFile; fileRef = 94E401A027C943FB009F06D7 /* SceneDelegate.swift */; };
		94E401A327C943FB009F06D7 /* MainTabBarViewController.swift in Sources */ = {isa = PBXBuildFile; fileRef = 94E401A227C943FB009F06D7 /* MainTabBarViewController.swift */; };
		94E401A827C943FC009F06D7 /* Assets.xcassets in Resources */ = {isa = PBXBuildFile; fileRef = 94E401A727C943FC009F06D7 /* Assets.xcassets */; };
		94E401AB27C943FC009F06D7 /* LaunchScreen.storyboard in Resources */ = {isa = PBXBuildFile; fileRef = 94E401A927C943FC009F06D7 /* LaunchScreen.storyboard */; };
		94E401B427C94524009F06D7 /* HomeViewController.swift in Sources */ = {isa = PBXBuildFile; fileRef = 94E401B327C94524009F06D7 /* HomeViewController.swift */; };
		94E401B627C9453C009F06D7 /* UpcomingViewController.swift in Sources */ = {isa = PBXBuildFile; fileRef = 94E401B527C9453C009F06D7 /* UpcomingViewController.swift */; };
		94E401B827C94552009F06D7 /* SearchViewController.swift in Sources */ = {isa = PBXBuildFile; fileRef = 94E401B727C94552009F06D7 /* SearchViewController.swift */; };
		94E401BA27C94570009F06D7 /* DownloadsViewController.swift in Sources */ = {isa = PBXBuildFile; fileRef = 94E401B927C94570009F06D7 /* DownloadsViewController.swift */; };
		94E401C127C94A0F009F06D7 /* CollectionTableViewCell.swift in Sources */ = {isa = PBXBuildFile; fileRef = 94E401C027C94A0F009F06D7 /* CollectionTableViewCell.swift */; };
		94E401C327C94E48009F06D7 /* HeroHeaderUIView.swift in Sources */ = {isa = PBXBuildFile; fileRef = 94E401C227C94E48009F06D7 /* HeroHeaderUIView.swift */; };
/* End PBXBuildFile section */

/* Begin PBXFileReference section */
		9404685327CAB8DF009DF128 /* ApiCaller.swift */ = {isa = PBXFileReference; lastKnownFileType = sourcecode.swift; path = ApiCaller.swift; sourceTree = "<group>"; };
		9404685527CABC1C009DF128 /* Movie.swift */ = {isa = PBXFileReference; lastKnownFileType = sourcecode.swift; path = Movie.swift; sourceTree = "<group>"; };
		94E4019B27C943FB009F06D7 /* Netflix Clone.app */ = {isa = PBXFileReference; explicitFileType = wrapper.application; includeInIndex = 0; path = "Netflix Clone.app"; sourceTree = BUILT_PRODUCTS_DIR; };
		94E4019E27C943FB009F06D7 /* AppDelegate.swift */ = {isa = PBXFileReference; lastKnownFileType = sourcecode.swift; path = AppDelegate.swift; sourceTree = "<group>"; };
		94E401A027C943FB009F06D7 /* SceneDelegate.swift */ = {isa = PBXFileReference; lastKnownFileType = sourcecode.swift; path = SceneDelegate.swift; sourceTree = "<group>"; };
		94E401A227C943FB009F06D7 /* MainTabBarViewController.swift */ = {isa = PBXFileReference; lastKnownFileType = sourcecode.swift; path = MainTabBarViewController.swift; sourceTree = "<group>"; };
		94E401A727C943FC009F06D7 /* Assets.xcassets */ = {isa = PBXFileReference; lastKnownFileType = folder.assetcatalog; path = Assets.xcassets; sourceTree = "<group>"; };
		94E401AA27C943FC009F06D7 /* Base */ = {isa = PBXFileReference; lastKnownFileType = file.storyboard; name = Base; path = Base.lproj/LaunchScreen.storyboard; sourceTree = "<group>"; };
		94E401AC27C943FC009F06D7 /* Info.plist */ = {isa = PBXFileReference; lastKnownFileType = text.plist.xml; path = Info.plist; sourceTree = "<group>"; };
		94E401B327C94524009F06D7 /* HomeViewController.swift */ = {isa = PBXFileReference; lastKnownFileType = sourcecode.swift; path = HomeViewController.swift; sourceTree = "<group>"; };
		94E401B527C9453C009F06D7 /* UpcomingViewController.swift */ = {isa = PBXFileReference; lastKnownFileType = sourcecode.swift; path = UpcomingViewController.swift; sourceTree = "<group>"; };
		94E401B727C94552009F06D7 /* SearchViewController.swift */ = {isa = PBXFileReference; lastKnownFileType = sourcecode.swift; path = SearchViewController.swift; sourceTree = "<group>"; };
		94E401B927C94570009F06D7 /* DownloadsViewController.swift */ = {isa = PBXFileReference; lastKnownFileType = sourcecode.swift; path = DownloadsViewController.swift; sourceTree = "<group>"; };
		94E401C027C94A0F009F06D7 /* CollectionTableViewCell.swift */ = {isa = PBXFileReference; lastKnownFileType = sourcecode.swift; path = CollectionTableViewCell.swift; sourceTree = "<group>"; };
		94E401C227C94E48009F06D7 /* HeroHeaderUIView.swift */ = {isa = PBXFileReference; lastKnownFileType = sourcecode.swift; path = HeroHeaderUIView.swift; sourceTree = "<group>"; };
/* End PBXFileReference section */

/* Begin PBXFrameworksBuildPhase section */
		94E4019827C943FB009F06D7 /* Frameworks */ = {
			isa = PBXFrameworksBuildPhase;
			buildActionMask = 2147483647;
			files = (
			);
			runOnlyForDeploymentPostprocessing = 0;
		};
/* End PBXFrameworksBuildPhase section */

/* Begin PBXGroup section */
		94E4019227C943FB009F06D7 = {
			isa = PBXGroup;
			children = (
				94E4019D27C943FB009F06D7 /* Netflix Clone */,
				94E4019C27C943FB009F06D7 /* Products */,
			);
			sourceTree = "<group>";
		};
		94E4019C27C943FB009F06D7 /* Products */ = {
			isa = PBXGroup;
			children = (
				94E4019B27C943FB009F06D7 /* Netflix Clone.app */,
			);
			name = Products;
			sourceTree = "<group>";
		};
		94E4019D27C943FB009F06D7 /* Netflix Clone */ = {
			isa = PBXGroup;
			children = (
				94E401BF27C949ED009F06D7 /* Managers */,
				94E401BE27C949E5009F06D7 /* Resources */,
				94E401BD27C949C9009F06D7 /* Models */,
				94E401BC27C949BF009F06D7 /* ViewModels */,
				94E401BB27C949B5009F06D7 /* Views */,
				94E401B227C94510009F06D7 /* Controllers */,
				94E4019E27C943FB009F06D7 /* AppDelegate.swift */,
				94E401A027C943FB009F06D7 /* SceneDelegate.swift */,
				94E401A227C943FB009F06D7 /* MainTabBarViewController.swift */,
				94E401A727C943FC009F06D7 /* Assets.xcassets */,
				94E401A927C943FC009F06D7 /* LaunchScreen.storyboard */,
				94E401AC27C943FC009F06D7 /* Info.plist */,
			);
			path = "Netflix Clone";
			sourceTree = "<group>";
		};
		94E401B227C94510009F06D7 /* Controllers */ = {
			isa = PBXGroup;
			children = (
				94E401B327C94524009F06D7 /* HomeViewController.swift */,
				94E401B527C9453C009F06D7 /* UpcomingViewController.swift */,
				94E401B727C94552009F06D7 /* SearchViewController.swift */,
				94E401B927C94570009F06D7 /* DownloadsViewController.swift */,
			);
			path = Controllers;
			sourceTree = "<group>";
		};
		94E401BB27C949B5009F06D7 /* Views */ = {
			isa = PBXGroup;
			children = (
				94E401C027C94A0F009F06D7 /* CollectionTableViewCell.swift */,
				94E401C227C94E48009F06D7 /* HeroHeaderUIView.swift */,
			);
			path = Views;
			sourceTree = "<group>";
		};
		94E401BC27C949BF009F06D7 /* ViewModels */ = {
			isa = PBXGroup;
			children = (
			);
			path = ViewModels;
			sourceTree = "<group>";
		};
		94E401BD27C949C9009F06D7 /* Models */ = {
			isa = PBXGroup;
			children = (
				9404685527CABC1C009DF128 /* Movie.swift */,
			);
			path = Models;
			sourceTree = "<group>";
		};
		94E401BE27C949E5009F06D7 /* Resources */ = {
			isa = PBXGroup;
			children = (
			);
			path = Resources;
			sourceTree = "<group>";
		};
		94E401BF27C949ED009F06D7 /* Managers */ = {
			isa = PBXGroup;
			children = (
				9404685327CAB8DF009DF128 /* ApiCaller.swift */,
			);
			path = Managers;
			sourceTree = "<group>";
		};
/* End PBXGroup section */

/* Begin PBXNativeTarget section */
		94E4019A27C943FB009F06D7 /* Netflix Clone */ = {
			isa = PBXNativeTarget;
			buildConfigurationList = 94E401AF27C943FC009F06D7 /* Build configuration list for PBXNativeTarget "Netflix Clone" */;
			buildPhases = (
				94E4019727C943FB009F06D7 /* Sources */,
				94E4019827C943FB009F06D7 /* Frameworks */,
				94E4019927C943FB009F06D7 /* Resources */,
			);
			buildRules = (
			);
			dependencies = (
			);
			name = "Netflix Clone";
			productName = "Netflix Clone";
			productReference = 94E4019B27C943FB009F06D7 /* Netflix Clone.app */;
			productType = "com.apple.product-type.application";
		};
/* End PBXNativeTarget section */

/* Begin PBXProject section */
		94E4019327C943FB009F06D7 /* Project object */ = {
			isa = PBXProject;
			attributes = {
				BuildIndependentTargetsInParallel = 1;
				LastSwiftUpdateCheck = 1310;
				LastUpgradeCheck = 1310;
				TargetAttributes = {
					94E4019A27C943FB009F06D7 = {
						CreatedOnToolsVersion = 13.1;
					};
				};
			};
			buildConfigurationList = 94E4019627C943FB009F06D7 /* Build configuration list for PBXProject "Netflix Clone" */;
			compatibilityVersion = "Xcode 13.0";
			developmentRegion = en;
			hasScannedForEncodings = 0;
			knownRegions = (
				en,
				Base,
			);
			mainGroup = 94E4019227C943FB009F06D7;
			productRefGroup = 94E4019C27C943FB009F06D7 /* Products */;
			projectDirPath = "";
			projectRoot = "";
			targets = (
				94E4019A27C943FB009F06D7 /* Netflix Clone */,
			);
		};
/* End PBXProject section */

/* Begin PBXResourcesBuildPhase section */
		94E4019927C943FB009F06D7 /* Resources */ = {
			isa = PBXResourcesBuildPhase;
			buildActionMask = 2147483647;
			files = (
				94E401AB27C943FC009F06D7 /* LaunchScreen.storyboard in Resources */,
				94E401A827C943FC009F06D7 /* Assets.xcassets in Resources */,
			);
			runOnlyForDeploymentPostprocessing = 0;
		};
/* End PBXResourcesBuildPhase section */

/* Begin PBXSourcesBuildPhase section */
		94E4019727C943FB009F06D7 /* Sources */ = {
			isa = PBXSourcesBuildPhase;
			buildActionMask = 2147483647;
			files = (
				94E401B827C94552009F06D7 /* SearchViewController.swift in Sources */,
				94E401A327C943FB009F06D7 /* MainTabBarViewController.swift in Sources */,
				94E401BA27C94570009F06D7 /* DownloadsViewController.swift in Sources */,
				94E401C327C94E48009F06D7 /* HeroHeaderUIView.swift in Sources */,
				94E4019F27C943FB009F06D7 /* AppDelegate.swift in Sources */,
				94E401A127C943FB009F06D7 /* SceneDelegate.swift in Sources */,
				94E401B627C9453C009F06D7 /* UpcomingViewController.swift in Sources */,
				94E401B427C94524009F06D7 /* HomeViewController.swift in Sources */,
				94E401C127C94A0F009F06D7 /* CollectionTableViewCell.swift in Sources */,
				9404685627CABC1C009DF128 /* Movie.swift in Sources */,
				9404685427CAB8DF009DF128 /* ApiCaller.swift in Sources */,
			);
			runOnlyForDeploymentPostprocessing = 0;
		};
/* End PBXSourcesBuildPhase section */

/* Begin PBXVariantGroup section */
		94E401A927C943FC009F06D7 /* LaunchScreen.storyboard */ = {
			isa = PBXVariantGroup;
			children = (
				94E401AA27C943FC009F06D7 /* Base */,
			);
			name = LaunchScreen.storyboard;
			sourceTree = "<group>";
		};
/* End PBXVariantGroup section */

/* Begin XCBuildConfiguration section */
		94E401AD27C943FC009F06D7 /* Debug */ = {
			isa = XCBuildConfiguration;
			buildSettings = {
				ALWAYS_SEARCH_USER_PATHS = NO;
				CLANG_ANALYZER_NONNULL = YES;
				CLANG_ANALYZER_NUMBER_OBJECT_CONVERSION = YES_AGGRESSIVE;
				CLANG_CXX_LANGUAGE_STANDARD = "gnu++17";
				CLANG_CXX_LIBRARY = "libc++";
				CLANG_ENABLE_MODULES = YES;
				CLANG_ENABLE_OBJC_ARC = YES;
				CLANG_ENABLE_OBJC_WEAK = YES;
				CLANG_WARN_BLOCK_CAPTURE_AUTORELEASING = YES;
				CLANG_WARN_BOOL_CONVERSION = YES;
				CLANG_WARN_COMMA = YES;
				CLANG_WARN_CONSTANT_CONVERSION = YES;
				CLANG_WARN_DEPRECATED_OBJC_IMPLEMENTATIONS = YES;
				CLANG_WARN_DIRECT_OBJC_ISA_USAGE = YES_ERROR;
				CLANG_WARN_DOCUMENTATION_COMMENTS = YES;
				CLANG_WARN_EMPTY_BODY = YES;
				CLANG_WARN_ENUM_CONVERSION = YES;
				CLANG_WARN_INFINITE_RECURSION = YES;
				CLANG_WARN_INT_CONVERSION = YES;
				CLANG_WARN_NON_LITERAL_NULL_CONVERSION = YES;
				CLANG_WARN_OBJC_IMPLICIT_RETAIN_SELF = YES;
				CLANG_WARN_OBJC_LITERAL_CONVERSION = YES;
				CLANG_WARN_OBJC_ROOT_CLASS = YES_ERROR;
				CLANG_WARN_QUOTED_INCLUDE_IN_FRAMEWORK_HEADER = YES;
				CLANG_WARN_RANGE_LOOP_ANALYSIS = YES;
				CLANG_WARN_STRICT_PROTOTYPES = YES;
				CLANG_WARN_SUSPICIOUS_MOVE = YES;
				CLANG_WARN_UNGUARDED_AVAILABILITY = YES_AGGRESSIVE;
				CLANG_WARN_UNREACHABLE_CODE = YES;
				CLANG_WARN__DUPLICATE_METHOD_MATCH = YES;
				COPY_PHASE_STRIP = NO;
				DEBUG_INFORMATION_FORMAT = dwarf;
				ENABLE_STRICT_OBJC_MSGSEND = YES;
				ENABLE_TESTABILITY = YES;
				GCC_C_LANGUAGE_STANDARD = gnu11;
				GCC_DYNAMIC_NO_PIC = NO;
				GCC_NO_COMMON_BLOCKS = YES;
				GCC_OPTIMIZATION_LEVEL = 0;
				GCC_PREPROCESSOR_DEFINITIONS = (
					"DEBUG=1",
					"$(inherited)",
				);
				GCC_WARN_64_TO_32_BIT_CONVERSION = YES;
				GCC_WARN_ABOUT_RETURN_TYPE = YES_ERROR;
				GCC_WARN_UNDECLARED_SELECTOR = YES;
				GCC_WARN_UNINITIALIZED_AUTOS = YES_AGGRESSIVE;
				GCC_WARN_UNUSED_FUNCTION = YES;
				GCC_WARN_UNUSED_VARIABLE = YES;
				IPHONEOS_DEPLOYMENT_TARGET = 15.0;
				MTL_ENABLE_DEBUG_INFO = INCLUDE_SOURCE;
				MTL_FAST_MATH = YES;
				ONLY_ACTIVE_ARCH = YES;
				SDKROOT = iphoneos;
				SWIFT_ACTIVE_COMPILATION_CONDITIONS = DEBUG;
				SWIFT_OPTIMIZATION_LEVEL = "-Onone";
			};
			name = Debug;
		};
		94E401AE27C943FC009F06D7 /* Release */ = {
			isa = XCBuildConfiguration;
			buildSettings = {
				ALWAYS_SEARCH_USER_PATHS = NO;
				CLANG_ANALYZER_NONNULL = YES;
				CLANG_ANALYZER_NUMBER_OBJECT_CONVERSION = YES_AGGRESSIVE;
				CLANG_CXX_LANGUAGE_STANDARD = "gnu++17";
				CLANG_CXX_LIBRARY = "libc++";
				CLANG_ENABLE_MODULES = YES;
				CLANG_ENABLE_OBJC_ARC = YES;
				CLANG_ENABLE_OBJC_WEAK = YES;
				CLANG_WARN_BLOCK_CAPTURE_AUTORELEASING = YES;
				CLANG_WARN_BOOL_CONVERSION = YES;
				CLANG_WARN_COMMA = YES;
				CLANG_WARN_CONSTANT_CONVERSION = YES;
				CLANG_WARN_DEPRECATED_OBJC_IMPLEMENTATIONS = YES;
				CLANG_WARN_DIRECT_OBJC_ISA_USAGE = YES_ERROR;
				CLANG_WARN_DOCUMENTATION_COMMENTS = YES;
				CLANG_WARN_EMPTY_BODY = YES;
				CLANG_WARN_ENUM_CONVERSION = YES;
				CLANG_WARN_INFINITE_RECURSION = YES;
				CLANG_WARN_INT_CONVERSION = YES;
				CLANG_WARN_NON_LITERAL_NULL_CONVERSION = YES;
				CLANG_WARN_OBJC_IMPLICIT_RETAIN_SELF = YES;
				CLANG_WARN_OBJC_LITERAL_CONVERSION = YES;
				CLANG_WARN_OBJC_ROOT_CLASS = YES_ERROR;
				CLANG_WARN_QUOTED_INCLUDE_IN_FRAMEWORK_HEADER = YES;
				CLANG_WARN_RANGE_LOOP_ANALYSIS = YES;
				CLANG_WARN_STRICT_PROTOTYPES = YES;
				CLANG_WARN_SUSPICIOUS_MOVE = YES;
				CLANG_WARN_UNGUARDED_AVAILABILITY = YES_AGGRESSIVE;
				CLANG_WARN_UNREACHABLE_CODE = YES;
				CLANG_WARN__DUPLICATE_METHOD_MATCH = YES;
				COPY_PHASE_STRIP = NO;
				DEBUG_INFORMATION_FORMAT = "dwarf-with-dsym";
				ENABLE_NS_ASSERTIONS = NO;
				ENABLE_STRICT_OBJC_MSGSEND = YES;
				GCC_C_LANGUAGE_STANDARD = gnu11;
				GCC_NO_COMMON_BLOCKS = YES;
				GCC_WARN_64_TO_32_BIT_CONVERSION = YES;
				GCC_WARN_ABOUT_RETURN_TYPE = YES_ERROR;
				GCC_WARN_UNDECLARED_SELECTOR = YES;
				GCC_WARN_UNINITIALIZED_AUTOS = YES_AGGRESSIVE;
				GCC_WARN_UNUSED_FUNCTION = YES;
				GCC_WARN_UNUSED_VARIABLE = YES;
				IPHONEOS_DEPLOYMENT_TARGET = 15.0;
				MTL_ENABLE_DEBUG_INFO = NO;
				MTL_FAST_MATH = YES;
				SDKROOT = iphoneos;
				SWIFT_COMPILATION_MODE = wholemodule;
				SWIFT_OPTIMIZATION_LEVEL = "-O";
				VALIDATE_PRODUCT = YES;
			};
			name = Release;
		};
		94E401B027C943FC009F06D7 /* Debug */ = {
			isa = XCBuildConfiguration;
			buildSettings = {
				ASSETCATALOG_COMPILER_APPICON_NAME = AppIcon;
				ASSETCATALOG_COMPILER_GLOBAL_ACCENT_COLOR_NAME = AccentColor;
				CODE_SIGN_STYLE = Automatic;
				CURRENT_PROJECT_VERSION = 1;
				GENERATE_INFOPLIST_FILE = YES;
				INFOPLIST_FILE = "Netflix Clone/Info.plist";
				INFOPLIST_KEY_UIApplicationSupportsIndirectInputEvents = YES;
				INFOPLIST_KEY_UILaunchStoryboardName = LaunchScreen;
				INFOPLIST_KEY_UISupportedInterfaceOrientations_iPad = "UIInterfaceOrientationPortrait UIInterfaceOrientationPortraitUpsideDown UIInterfaceOrientationLandscapeLeft UIInterfaceOrientationLandscapeRight";
				INFOPLIST_KEY_UISupportedInterfaceOrientations_iPhone = "UIInterfaceOrientationPortrait UIInterfaceOrientationLandscapeLeft UIInterfaceOrientationLandscapeRight";
				LD_RUNPATH_SEARCH_PATHS = (
					"$(inherited)",
					"@executable_path/Frameworks",
				);
				MARKETING_VERSION = 1.0;
				PRODUCT_BUNDLE_IDENTIFIER = "com.sadikcoban.Netflix-Clone";
				PRODUCT_NAME = "$(TARGET_NAME)";
				SWIFT_EMIT_LOC_STRINGS = YES;
				SWIFT_VERSION = 5.0;
				TARGETED_DEVICE_FAMILY = "1,2";
			};
			name = Debug;
		};
		94E401B127C943FC009F06D7 /* Release */ = {
			isa = XCBuildConfiguration;
			buildSettings = {
				ASSETCATALOG_COMPILER_APPICON_NAME = AppIcon;
				ASSETCATALOG_COMPILER_GLOBAL_ACCENT_COLOR_NAME = AccentColor;
				CODE_SIGN_STYLE = Automatic;
				CURRENT_PROJECT_VERSION = 1;
				GENERATE_INFOPLIST_FILE = YES;
				INFOPLIST_FILE = "Netflix Clone/Info.plist";
				INFOPLIST_KEY_UIApplicationSupportsIndirectInputEvents = YES;
				INFOPLIST_KEY_UILaunchStoryboardName = LaunchScreen;
				INFOPLIST_KEY_UISupportedInterfaceOrientations_iPad = "UIInterfaceOrientationPortrait UIInterfaceOrientationPortraitUpsideDown UIInterfaceOrientationLandscapeLeft UIInterfaceOrientationLandscapeRight";
				INFOPLIST_KEY_UISupportedInterfaceOrientations_iPhone = "UIInterfaceOrientationPortrait UIInterfaceOrientationLandscapeLeft UIInterfaceOrientationLandscapeRight";
				LD_RUNPATH_SEARCH_PATHS = (
					"$(inherited)",
					"@executable_path/Frameworks",
				);
				MARKETING_VERSION = 1.0;
				PRODUCT_BUNDLE_IDENTIFIER = "com.sadikcoban.Netflix-Clone";
				PRODUCT_NAME = "$(TARGET_NAME)";
				SWIFT_EMIT_LOC_STRINGS = YES;
				SWIFT_VERSION = 5.0;
				TARGETED_DEVICE_FAMILY = "1,2";
			};
			name = Release;
		};
/* End XCBuildConfiguration section */

/* Begin XCConfigurationList section */
		94E4019627C943FB009F06D7 /* Build configuration list for PBXProject "Netflix Clone" */ = {
			isa = XCConfigurationList;
			buildConfigurations = (
				94E401AD27C943FC009F06D7 /* Debug */,
				94E401AE27C943FC009F06D7 /* Release */,
			);
			defaultConfigurationIsVisible = 0;
			defaultConfigurationName = Release;
		};
		94E401AF27C943FC009F06D7 /* Build configuration list for PBXNativeTarget "Netflix Clone" */ = {
			isa = XCConfigurationList;
			buildConfigurations = (
				94E401B027C943FC009F06D7 /* Debug */,
				94E401B127C943FC009F06D7 /* Release */,
			);
			defaultConfigurationIsVisible = 0;
			defaultConfigurationName = Release;
		};
/* End XCConfigurationList section */
	};
	rootObject = 94E4019327C943FB009F06D7 /* Project object */;
}
